
Microsoft Visual Studio Solution File, Format Version 12.00
# Visual Studio Version 17
VisualStudioVersion = 17.11.35327.3
MinimumVisualStudioVersion = 10.0.40219.1
Project("{9A19103F-16F7-4668-BE54-9A1E7A4F7556}") = "EShopService", "EShopService\EShopService.csproj", "{0604588D-C655-43EE-A725-96DA5C16C64D}"
EndProject
Project("{9A19103F-16F7-4668-BE54-9A1E7A4F7556}") = "EShop.Application", "EShop.Application\EShop.Application.csproj", "{4D107D48-7264-4AC2-8FC9-9D3129EA7851}"
EndProject
Project("{9A19103F-16F7-4668-BE54-9A1E7A4F7556}") = "EShop.Application.Tests", "EShop.Application.Tests\EShop.Application.Tests.csproj", "{9F95EE39-28EC-41F9-BC1D-FEA5A1D357C1}"
EndProject
Project("{9A19103F-16F7-4668-BE54-9A1E7A4F7556}") = "EShop.Domain", "EShop.Domain\EShop.Domain.csproj", "{80B4F5F1-EF10-4DBC-B1D2-D4C7A430855F}"
EndProject
Project("{9A19103F-16F7-4668-BE54-9A1E7A4F7556}") = "EShop.Domain.Tests", "EShop.Domain.Tests\EShop.Domain.Tests.csproj", "{99FD5753-7844-45B7-AA97-DA2266A57564}"
EndProject
Project("{2150E333-8FDC-42A3-9474-1A3956D46DE8}") = "Tests", "Tests", "{6800B04B-365B-4227-81DD-9270B623A2D4}"
EndProject
Project("{FAE04EC0-301F-11D3-BF4B-00C04F79EFBC}") = "EShop.Service.Tests", "EShop.Service.Tests\EShop.Service.Tests.csproj", "{93C58A0F-DFEE-4128-8D4B-E531CCD28271}"
EndProject
Global
	GlobalSection(SolutionConfigurationPlatforms) = preSolution
		Debug|Any CPU = Debug|Any CPU
		Release|Any CPU = Release|Any CPU
	EndGlobalSection
	GlobalSection(ProjectConfigurationPlatforms) = postSolution
		{0604588D-C655-43EE-A725-96DA5C16C64D}.Debug|Any CPU.ActiveCfg = Debug|Any CPU
		{0604588D-C655-43EE-A725-96DA5C16C64D}.Debug|Any CPU.Build.0 = Debug|Any CPU
		{0604588D-C655-43EE-A725-96DA5C16C64D}.Release|Any CPU.ActiveCfg = Release|Any CPU
		{0604588D-C655-43EE-A725-96DA5C16C64D}.Release|Any CPU.Build.0 = Release|Any CPU
		{4D107D48-7264-4AC2-8FC9-9D3129EA7851}.Debug|Any CPU.ActiveCfg = Debug|Any CPU
		{4D107D48-7264-4AC2-8FC9-9D3129EA7851}.Debug|Any CPU.Build.0 = Debug|Any CPU
		{4D107D48-7264-4AC2-8FC9-9D3129EA7851}.Release|Any CPU.ActiveCfg = Release|Any CPU
		{4D107D48-7264-4AC2-8FC9-9D3129EA7851}.Release|Any CPU.Build.0 = Release|Any CPU
		{9F95EE39-28EC-41F9-BC1D-FEA5A1D357C1}.Debug|Any CPU.ActiveCfg = Debug|Any CPU
		{9F95EE39-28EC-41F9-BC1D-FEA5A1D357C1}.Debug|Any CPU.Build.0 = Debug|Any CPU
		{9F95EE39-28EC-41F9-BC1D-FEA5A1D357C1}.Release|Any CPU.ActiveCfg = Release|Any CPU
		{9F95EE39-28EC-41F9-BC1D-FEA5A1D357C1}.Release|Any CPU.Build.0 = Release|Any CPU
		{80B4F5F1-EF10-4DBC-B1D2-D4C7A430855F}.Debug|Any CPU.ActiveCfg = Debug|Any CPU
		{80B4F5F1-EF10-4DBC-B1D2-D4C7A430855F}.Debug|Any CPU.Build.0 = Debug|Any CPU
		{80B4F5F1-EF10-4DBC-B1D2-D4C7A430855F}.Release|Any CPU.ActiveCfg = Release|Any CPU
		{80B4F5F1-EF10-4DBC-B1D2-D4C7A430855F}.Release|Any CPU.Build.0 = Release|Any CPU
		{99FD5753-7844-45B7-AA97-DA2266A57564}.Debug|Any CPU.ActiveCfg = Debug|Any CPU
		{99FD5753-7844-45B7-AA97-DA2266A57564}.Debug|Any CPU.Build.0 = Debug|Any CPU
		{99FD5753-7844-45B7-AA97-DA2266A57564}.Release|Any CPU.ActiveCfg = Release|Any CPU
		{99FD5753-7844-45B7-AA97-DA2266A57564}.Release|Any CPU.Build.0 = Release|Any CPU
		{93C58A0F-DFEE-4128-8D4B-E531CCD28271}.Debug|Any CPU.ActiveCfg = Debug|Any CPU
		{93C58A0F-DFEE-4128-8D4B-E531CCD28271}.Debug|Any CPU.Build.0 = Debug|Any CPU
		{93C58A0F-DFEE-4128-8D4B-E531CCD28271}.Release|Any CPU.ActiveCfg = Release|Any CPU
		{93C58A0F-DFEE-4128-8D4B-E531CCD28271}.Release|Any CPU.Build.0 = Release|Any CPU
	EndGlobalSection
	GlobalSection(SolutionProperties) = preSolution
		HideSolutionNode = FALSE
	EndGlobalSection
	GlobalSection(NestedProjects) = preSolution
		{9F95EE39-28EC-41F9-BC1D-FEA5A1D357C1} = {6800B04B-365B-4227-81DD-9270B623A2D4}
		{99FD5753-7844-45B7-AA97-DA2266A57564} = {6800B04B-365B-4227-81DD-9270B623A2D4}
		{93C58A0F-DFEE-4128-8D4B-E531CCD28271} = {6800B04B-365B-4227-81DD-9270B623A2D4}
	EndGlobalSection
	GlobalSection(ExtensibilityGlobals) = postSolution
		SolutionGuid = {CCDCB420-A381-4929-AD7D-31EFD4F05730}
	EndGlobalSection
EndGlobal
