
Microsoft Visual Studio Solution File, Format Version 12.00
# Visual Studio Version 17
VisualStudioVersion = 17.11.35327.3
MinimumVisualStudioVersion = 10.0.40219.1
Project("{9A19103F-16F7-4668-BE54-9A1E7A4F7556}") = "EShopService", "EShopService\EShopService.csproj", "{0604588D-C655-43EE-A725-96DA5C16C64D}"
EndProject
Project("{9A19103F-16F7-4668-BE54-9A1E7A4F7556}") = "EShop.Application", "EShop.Application\EShop.Application.csproj", "{4D107D48-7264-4AC2-8FC9-9D3129EA7851}"
EndProject
Project("{9A19103F-16F7-4668-BE54-9A1E7A4F7556}") = "EShop.Application.Tests", "EShop.Application.Tests\EShop.Application.Tests.csproj", "{9F95EE39-28EC-41F9-BC1D-FEA5A1D357C1}"
EndProject
Project("{9A19103F-16F7-4668-BE54-9A1E7A4F7556}") = "EShop.Domain", "EShop.Domain\EShop.Domain.csproj", "{80B4F5F1-EF10-4DBC-B1D2-D4C7A430855F}"
EndProject
Project("{9A19103F-16F7-4668-BE54-9A1E7A4F7556}") = "EShop.Domain.Tests", "EShop.Domain.Tests\EShop.Domain.Tests.csproj", "{99FD5753-7844-45B7-AA97-DA2266A57564}"
EndProject
Project("{2150E333-8FDC-42A3-9474-1A3956D46DE8}") = "Tests", "Tests", "{6800B04B-365B-4227-81DD-9270B623A2D4}"
EndProject
Project("{9A19103F-16F7-4668-BE54-9A1E7A4F7556}") = "EShop.Service.Tests", "EShop.Service.Tests\EShop.Service.Tests.csproj", "{93C58A0F-DFEE-4128-8D4B-E531CCD28271}"
EndProject
Project("{9A19103F-16F7-4668-BE54-9A1E7A4F7556}") = "EShopService.IntegrationTests", "EShopService.IntegrationTests\EShopService.IntegrationTests.csproj", "{9F15E5F1-7617-4F15-81F5-520AF8EFA10F}"
EndProject
Project("{E53339B2-1760-4266-BCC7-CA923CBCF16C}") = "docker-compose", "docker-compose.dcproj", "{CED85F2B-782F-4F4B-A8AD-E2953DFF2632}"
EndProject
Project("{2150E333-8FDC-42A3-9474-1A3956D46DE8}") = "EShop", "EShop", "{AA0CD0B2-3FA5-4B25-A98B-7247322895BE}"
EndProject
Project("{2150E333-8FDC-42A3-9474-1A3956D46DE8}") = "User", "User", "{AE281B2B-618C-4C91-9C08-9331E9212493}"
EndProject
Project("{9A19103F-16F7-4668-BE54-9A1E7A4F7556}") = "User.Application", "User.Application\User.Application.csproj", "{D2A363D5-6A2C-4C3E-A073-7B66DF7DF04A}"
EndProject
Project("{9A19103F-16F7-4668-BE54-9A1E7A4F7556}") = "UserService", "UserService\UserService.csproj", "{3571DD1A-A374-4074-81C5-0A9DD5181C69}"
EndProject
Project("{9A19103F-16F7-4668-BE54-9A1E7A4F7556}") = "User.Domain", "User.Domain\User.Domain.csproj", "{2A27B3C2-D847-4BDD-BD10-937B432DE8DD}"
EndProject
Project("{9A19103F-16F7-4668-BE54-9A1E7A4F7556}") = "NotificationService", "..\NotificationService\NotificationService.csproj", "{EEB2310D-75CB-42D0-A922-5C620601B74E}"
EndProject
Project("{2150E333-8FDC-42A3-9474-1A3956D46DE8}") = "Notification", "Notification", "{656A80F4-EA6D-4E56-AFF7-99E974D7D1B0}"
EndProject
Project("{2150E333-8FDC-42A3-9474-1A3956D46DE8}") = "ShoppingCart", "ShoppingCart", "{012321E7-8026-441A-A2D8-67F8D2AD74FB}"
EndProject
Project("{FAE04EC0-301F-11D3-BF4B-00C04F79EFBC}") = "ShoppingCart", "..\ShoppingCart\ShoppingCart.csproj", "{0DD54B46-F3CD-4092-B68A-7A4DE67BCDA8}"
EndProject
Project("{FAE04EC0-301F-11D3-BF4B-00C04F79EFBC}") = "ShoppingCart.Domain", "..\ShoppingCart.Domain\ShoppingCart.Domain.csproj", "{D692EE9D-CEB7-46B4-A7D3-1BCB1B908136}"
EndProject
Global
	GlobalSection(SolutionConfigurationPlatforms) = preSolution
		Debug|Any CPU = Debug|Any CPU
		Release|Any CPU = Release|Any CPU
	EndGlobalSection
	GlobalSection(ProjectConfigurationPlatforms) = postSolution
		{0604588D-C655-43EE-A725-96DA5C16C64D}.Debug|Any CPU.ActiveCfg = Debug|Any CPU
		{0604588D-C655-43EE-A725-96DA5C16C64D}.Debug|Any CPU.Build.0 = Debug|Any CPU
		{0604588D-C655-43EE-A725-96DA5C16C64D}.Release|Any CPU.ActiveCfg = Release|Any CPU
		{0604588D-C655-43EE-A725-96DA5C16C64D}.Release|Any CPU.Build.0 = Release|Any CPU
		{4D107D48-7264-4AC2-8FC9-9D3129EA7851}.Debug|Any CPU.ActiveCfg = Debug|Any CPU
		{4D107D48-7264-4AC2-8FC9-9D3129EA7851}.Debug|Any CPU.Build.0 = Debug|Any CPU
		{4D107D48-7264-4AC2-8FC9-9D3129EA7851}.Release|Any CPU.ActiveCfg = Release|Any CPU
		{4D107D48-7264-4AC2-8FC9-9D3129EA7851}.Release|Any CPU.Build.0 = Release|Any CPU
		{9F95EE39-28EC-41F9-BC1D-FEA5A1D357C1}.Debug|Any CPU.ActiveCfg = Debug|Any CPU
		{9F95EE39-28EC-41F9-BC1D-FEA5A1D357C1}.Debug|Any CPU.Build.0 = Debug|Any CPU
		{9F95EE39-28EC-41F9-BC1D-FEA5A1D357C1}.Release|Any CPU.ActiveCfg = Release|Any CPU
		{9F95EE39-28EC-41F9-BC1D-FEA5A1D357C1}.Release|Any CPU.Build.0 = Release|Any CPU
		{80B4F5F1-EF10-4DBC-B1D2-D4C7A430855F}.Debug|Any CPU.ActiveCfg = Debug|Any CPU
		{80B4F5F1-EF10-4DBC-B1D2-D4C7A430855F}.Debug|Any CPU.Build.0 = Debug|Any CPU
		{80B4F5F1-EF10-4DBC-B1D2-D4C7A430855F}.Release|Any CPU.ActiveCfg = Release|Any CPU
		{80B4F5F1-EF10-4DBC-B1D2-D4C7A430855F}.Release|Any CPU.Build.0 = Release|Any CPU
		{99FD5753-7844-45B7-AA97-DA2266A57564}.Debug|Any CPU.ActiveCfg = Debug|Any CPU
		{99FD5753-7844-45B7-AA97-DA2266A57564}.Debug|Any CPU.Build.0 = Debug|Any CPU
		{99FD5753-7844-45B7-AA97-DA2266A57564}.Release|Any CPU.ActiveCfg = Release|Any CPU
		{99FD5753-7844-45B7-AA97-DA2266A57564}.Release|Any CPU.Build.0 = Release|Any CPU
		{93C58A0F-DFEE-4128-8D4B-E531CCD28271}.Debug|Any CPU.ActiveCfg = Debug|Any CPU
		{93C58A0F-DFEE-4128-8D4B-E531CCD28271}.Debug|Any CPU.Build.0 = Debug|Any CPU
		{93C58A0F-DFEE-4128-8D4B-E531CCD28271}.Release|Any CPU.ActiveCfg = Release|Any CPU
		{93C58A0F-DFEE-4128-8D4B-E531CCD28271}.Release|Any CPU.Build.0 = Release|Any CPU
		{9F15E5F1-7617-4F15-81F5-520AF8EFA10F}.Debug|Any CPU.ActiveCfg = Debug|Any CPU
		{9F15E5F1-7617-4F15-81F5-520AF8EFA10F}.Debug|Any CPU.Build.0 = Debug|Any CPU
		{9F15E5F1-7617-4F15-81F5-520AF8EFA10F}.Release|Any CPU.ActiveCfg = Release|Any CPU
		{9F15E5F1-7617-4F15-81F5-520AF8EFA10F}.Release|Any CPU.Build.0 = Release|Any CPU
		{CED85F2B-782F-4F4B-A8AD-E2953DFF2632}.Debug|Any CPU.ActiveCfg = Debug|Any CPU
		{CED85F2B-782F-4F4B-A8AD-E2953DFF2632}.Debug|Any CPU.Build.0 = Debug|Any CPU
		{CED85F2B-782F-4F4B-A8AD-E2953DFF2632}.Release|Any CPU.ActiveCfg = Release|Any CPU
		{CED85F2B-782F-4F4B-A8AD-E2953DFF2632}.Release|Any CPU.Build.0 = Release|Any CPU
		{D2A363D5-6A2C-4C3E-A073-7B66DF7DF04A}.Debug|Any CPU.ActiveCfg = Debug|Any CPU
		{D2A363D5-6A2C-4C3E-A073-7B66DF7DF04A}.Debug|Any CPU.Build.0 = Debug|Any CPU
		{D2A363D5-6A2C-4C3E-A073-7B66DF7DF04A}.Release|Any CPU.ActiveCfg = Release|Any CPU
		{D2A363D5-6A2C-4C3E-A073-7B66DF7DF04A}.Release|Any CPU.Build.0 = Release|Any CPU
		{3571DD1A-A374-4074-81C5-0A9DD5181C69}.Debug|Any CPU.ActiveCfg = Debug|Any CPU
		{3571DD1A-A374-4074-81C5-0A9DD5181C69}.Debug|Any CPU.Build.0 = Debug|Any CPU
		{3571DD1A-A374-4074-81C5-0A9DD5181C69}.Release|Any CPU.ActiveCfg = Release|Any CPU
		{3571DD1A-A374-4074-81C5-0A9DD5181C69}.Release|Any CPU.Build.0 = Release|Any CPU
		{2A27B3C2-D847-4BDD-BD10-937B432DE8DD}.Debug|Any CPU.ActiveCfg = Debug|Any CPU
		{2A27B3C2-D847-4BDD-BD10-937B432DE8DD}.Debug|Any CPU.Build.0 = Debug|Any CPU
		{2A27B3C2-D847-4BDD-BD10-937B432DE8DD}.Release|Any CPU.ActiveCfg = Release|Any CPU
		{2A27B3C2-D847-4BDD-BD10-937B432DE8DD}.Release|Any CPU.Build.0 = Release|Any CPU
		{EEB2310D-75CB-42D0-A922-5C620601B74E}.Debug|Any CPU.ActiveCfg = Debug|Any CPU
		{EEB2310D-75CB-42D0-A922-5C620601B74E}.Debug|Any CPU.Build.0 = Debug|Any CPU
		{EEB2310D-75CB-42D0-A922-5C620601B74E}.Release|Any CPU.ActiveCfg = Release|Any CPU
		{EEB2310D-75CB-42D0-A922-5C620601B74E}.Release|Any CPU.Build.0 = Release|Any CPU
		{0DD54B46-F3CD-4092-B68A-7A4DE67BCDA8}.Debug|Any CPU.ActiveCfg = Debug|Any CPU
		{0DD54B46-F3CD-4092-B68A-7A4DE67BCDA8}.Debug|Any CPU.Build.0 = Debug|Any CPU
		{0DD54B46-F3CD-4092-B68A-7A4DE67BCDA8}.Release|Any CPU.ActiveCfg = Release|Any CPU
		{0DD54B46-F3CD-4092-B68A-7A4DE67BCDA8}.Release|Any CPU.Build.0 = Release|Any CPU
		{D692EE9D-CEB7-46B4-A7D3-1BCB1B908136}.Debug|Any CPU.ActiveCfg = Debug|Any CPU
		{D692EE9D-CEB7-46B4-A7D3-1BCB1B908136}.Debug|Any CPU.Build.0 = Debug|Any CPU
		{D692EE9D-CEB7-46B4-A7D3-1BCB1B908136}.Release|Any CPU.ActiveCfg = Release|Any CPU
		{D692EE9D-CEB7-46B4-A7D3-1BCB1B908136}.Release|Any CPU.Build.0 = Release|Any CPU
	EndGlobalSection
	GlobalSection(SolutionProperties) = preSolution
		HideSolutionNode = FALSE
	EndGlobalSection
	GlobalSection(NestedProjects) = preSolution
		{0604588D-C655-43EE-A725-96DA5C16C64D} = {AA0CD0B2-3FA5-4B25-A98B-7247322895BE}
		{4D107D48-7264-4AC2-8FC9-9D3129EA7851} = {AA0CD0B2-3FA5-4B25-A98B-7247322895BE}
		{9F95EE39-28EC-41F9-BC1D-FEA5A1D357C1} = {6800B04B-365B-4227-81DD-9270B623A2D4}
		{80B4F5F1-EF10-4DBC-B1D2-D4C7A430855F} = {AA0CD0B2-3FA5-4B25-A98B-7247322895BE}
		{99FD5753-7844-45B7-AA97-DA2266A57564} = {6800B04B-365B-4227-81DD-9270B623A2D4}
		{93C58A0F-DFEE-4128-8D4B-E531CCD28271} = {6800B04B-365B-4227-81DD-9270B623A2D4}
		{9F15E5F1-7617-4F15-81F5-520AF8EFA10F} = {6800B04B-365B-4227-81DD-9270B623A2D4}
		{D2A363D5-6A2C-4C3E-A073-7B66DF7DF04A} = {AE281B2B-618C-4C91-9C08-9331E9212493}
		{3571DD1A-A374-4074-81C5-0A9DD5181C69} = {AE281B2B-618C-4C91-9C08-9331E9212493}
		{2A27B3C2-D847-4BDD-BD10-937B432DE8DD} = {AE281B2B-618C-4C91-9C08-9331E9212493}
		{EEB2310D-75CB-42D0-A922-5C620601B74E} = {656A80F4-EA6D-4E56-AFF7-99E974D7D1B0}
		{0DD54B46-F3CD-4092-B68A-7A4DE67BCDA8} = {012321E7-8026-441A-A2D8-67F8D2AD74FB}
		{D692EE9D-CEB7-46B4-A7D3-1BCB1B908136} = {012321E7-8026-441A-A2D8-67F8D2AD74FB}
	EndGlobalSection
	GlobalSection(ExtensibilityGlobals) = postSolution
		SolutionGuid = {CCDCB420-A381-4929-AD7D-31EFD4F05730}
	EndGlobalSection
EndGlobal
